// !$*UTF8*$!
{
	archiveVersion = 1;
	classes = {
	};
	objectVersion = 50;
	objects = {

/* Begin PBXBuildFile section */
		D8B0AB79261C4F3D000316D0 /* AppDelegate.swift in Sources */ = {isa = PBXBuildFile; fileRef = D8B0AB78261C4F3D000316D0 /* AppDelegate.swift */; };
		D8B0AB7B261C4F3D000316D0 /* SceneDelegate.swift in Sources */ = {isa = PBXBuildFile; fileRef = D8B0AB7A261C4F3D000316D0 /* SceneDelegate.swift */; };
		D8B0AB7D261C4F3D000316D0 /* MapVC.swift in Sources */ = {isa = PBXBuildFile; fileRef = D8B0AB7C261C4F3D000316D0 /* MapVC.swift */; };
		D8B0AB82261C4F42000316D0 /* Assets.xcassets in Resources */ = {isa = PBXBuildFile; fileRef = D8B0AB81261C4F42000316D0 /* Assets.xcassets */; };
		D8B0AB85261C4F42000316D0 /* LaunchScreen.storyboard in Resources */ = {isa = PBXBuildFile; fileRef = D8B0AB83261C4F42000316D0 /* LaunchScreen.storyboard */; };
		D8B0AB90261C4F42000316D0 /* JunTaskThreePinMapTests.swift in Sources */ = {isa = PBXBuildFile; fileRef = D8B0AB8F261C4F42000316D0 /* JunTaskThreePinMapTests.swift */; };
		D8B0AB9B261C4F42000316D0 /* JunTaskThreePinMapUITests.swift in Sources */ = {isa = PBXBuildFile; fileRef = D8B0AB9A261C4F42000316D0 /* JunTaskThreePinMapUITests.swift */; };
		D8B0ABB5261C8D88000316D0 /* Alert.swift in Sources */ = {isa = PBXBuildFile; fileRef = D8B0ABB4261C8D88000316D0 /* Alert.swift */; };
/* End PBXBuildFile section */

/* Begin PBXContainerItemProxy section */
		D8B0AB8C261C4F42000316D0 /* PBXContainerItemProxy */ = {
			isa = PBXContainerItemProxy;
			containerPortal = D8B0AB6D261C4F3C000316D0 /* Project object */;
			proxyType = 1;
			remoteGlobalIDString = D8B0AB74261C4F3D000316D0;
			remoteInfo = JunTaskThreePinMap;
		};
		D8B0AB97261C4F42000316D0 /* PBXContainerItemProxy */ = {
			isa = PBXContainerItemProxy;
			containerPortal = D8B0AB6D261C4F3C000316D0 /* Project object */;
			proxyType = 1;
			remoteGlobalIDString = D8B0AB74261C4F3D000316D0;
			remoteInfo = JunTaskThreePinMap;
		};
/* End PBXContainerItemProxy section */

/* Begin PBXFileReference section */
		D8B0AB75261C4F3D000316D0 /* JunTaskThreePinMap.app */ = {isa = PBXFileReference; explicitFileType = wrapper.application; includeInIndex = 0; path = JunTaskThreePinMap.app; sourceTree = BUILT_PRODUCTS_DIR; };
		D8B0AB78261C4F3D000316D0 /* AppDelegate.swift */ = {isa = PBXFileReference; lastKnownFileType = sourcecode.swift; path = AppDelegate.swift; sourceTree = "<group>"; };
		D8B0AB7A261C4F3D000316D0 /* SceneDelegate.swift */ = {isa = PBXFileReference; lastKnownFileType = sourcecode.swift; path = SceneDelegate.swift; sourceTree = "<group>"; };
		D8B0AB7C261C4F3D000316D0 /* MapVC.swift */ = {isa = PBXFileReference; lastKnownFileType = sourcecode.swift; path = MapVC.swift; sourceTree = "<group>"; };
		D8B0AB81261C4F42000316D0 /* Assets.xcassets */ = {isa = PBXFileReference; lastKnownFileType = folder.assetcatalog; path = Assets.xcassets; sourceTree = "<group>"; };
		D8B0AB84261C4F42000316D0 /* Base */ = {isa = PBXFileReference; lastKnownFileType = file.storyboard; name = Base; path = Base.lproj/LaunchScreen.storyboard; sourceTree = "<group>"; };
		D8B0AB86261C4F42000316D0 /* Info.plist */ = {isa = PBXFileReference; lastKnownFileType = text.plist.xml; path = Info.plist; sourceTree = "<group>"; };
		D8B0AB8B261C4F42000316D0 /* JunTaskThreePinMapTests.xctest */ = {isa = PBXFileReference; explicitFileType = wrapper.cfbundle; includeInIndex = 0; path = JunTaskThreePinMapTests.xctest; sourceTree = BUILT_PRODUCTS_DIR; };
		D8B0AB8F261C4F42000316D0 /* JunTaskThreePinMapTests.swift */ = {isa = PBXFileReference; lastKnownFileType = sourcecode.swift; path = JunTaskThreePinMapTests.swift; sourceTree = "<group>"; };
		D8B0AB91261C4F42000316D0 /* Info.plist */ = {isa = PBXFileReference; lastKnownFileType = text.plist.xml; path = Info.plist; sourceTree = "<group>"; };
		D8B0AB96261C4F42000316D0 /* JunTaskThreePinMapUITests.xctest */ = {isa = PBXFileReference; explicitFileType = wrapper.cfbundle; includeInIndex = 0; path = JunTaskThreePinMapUITests.xctest; sourceTree = BUILT_PRODUCTS_DIR; };
		D8B0AB9A261C4F42000316D0 /* JunTaskThreePinMapUITests.swift */ = {isa = PBXFileReference; lastKnownFileType = sourcecode.swift; path = JunTaskThreePinMapUITests.swift; sourceTree = "<group>"; };
		D8B0AB9C261C4F42000316D0 /* Info.plist */ = {isa = PBXFileReference; lastKnownFileType = text.plist.xml; path = Info.plist; sourceTree = "<group>"; };
		D8B0ABB4261C8D88000316D0 /* Alert.swift */ = {isa = PBXFileReference; lastKnownFileType = sourcecode.swift; path = Alert.swift; sourceTree = "<group>"; };
/* End PBXFileReference section */

/* Begin PBXFrameworksBuildPhase section */
		D8B0AB72261C4F3D000316D0 /* Frameworks */ = {
			isa = PBXFrameworksBuildPhase;
			buildActionMask = 2147483647;
			files = (
			);
			runOnlyForDeploymentPostprocessing = 0;
		};
		D8B0AB88261C4F42000316D0 /* Frameworks */ = {
			isa = PBXFrameworksBuildPhase;
			buildActionMask = 2147483647;
			files = (
			);
			runOnlyForDeploymentPostprocessing = 0;
		};
		D8B0AB93261C4F42000316D0 /* Frameworks */ = {
			isa = PBXFrameworksBuildPhase;
			buildActionMask = 2147483647;
			files = (
			);
			runOnlyForDeploymentPostprocessing = 0;
		};
/* End PBXFrameworksBuildPhase section */

/* Begin PBXGroup section */
		D8B0AB6C261C4F3C000316D0 = {
			isa = PBXGroup;
			children = (
				D8B0AB77261C4F3D000316D0 /* JunTaskThreePinMap */,
				D8B0AB8E261C4F42000316D0 /* JunTaskThreePinMapTests */,
				D8B0AB99261C4F42000316D0 /* JunTaskThreePinMapUITests */,
				D8B0AB76261C4F3D000316D0 /* Products */,
			);
			sourceTree = "<group>";
		};
		D8B0AB76261C4F3D000316D0 /* Products */ = {
			isa = PBXGroup;
			children = (
				D8B0AB75261C4F3D000316D0 /* JunTaskThreePinMap.app */,
				D8B0AB8B261C4F42000316D0 /* JunTaskThreePinMapTests.xctest */,
				D8B0AB96261C4F42000316D0 /* JunTaskThreePinMapUITests.xctest */,
			);
			name = Products;
			sourceTree = "<group>";
		};
		D8B0AB77261C4F3D000316D0 /* JunTaskThreePinMap */ = {
			isa = PBXGroup;
			children = (
				D8B0AB78261C4F3D000316D0 /* AppDelegate.swift */,
				D8B0AB7A261C4F3D000316D0 /* SceneDelegate.swift */,
				D8B0AB7C261C4F3D000316D0 /* MapVC.swift */,
				D8B0ABB4261C8D88000316D0 /* Alert.swift */,
				D8B0AB81261C4F42000316D0 /* Assets.xcassets */,
				D8B0AB83261C4F42000316D0 /* LaunchScreen.storyboard */,
				D8B0AB86261C4F42000316D0 /* Info.plist */,
			);
			path = JunTaskThreePinMap;
			sourceTree = "<group>";
		};
		D8B0AB8E261C4F42000316D0 /* JunTaskThreePinMapTests */ = {
			isa = PBXGroup;
			children = (
				D8B0AB8F261C4F42000316D0 /* JunTaskThreePinMapTests.swift */,
				D8B0AB91261C4F42000316D0 /* Info.plist */,
			);
			path = JunTaskThreePinMapTests;
			sourceTree = "<group>";
		};
		D8B0AB99261C4F42000316D0 /* JunTaskThreePinMapUITests */ = {
			isa = PBXGroup;
			children = (
				D8B0AB9A261C4F42000316D0 /* JunTaskThreePinMapUITests.swift */,
				D8B0AB9C261C4F42000316D0 /* Info.plist */,
			);
			path = JunTaskThreePinMapUITests;
			sourceTree = "<group>";
		};
/* End PBXGroup section */

/* Begin PBXNativeTarget section */
		D8B0AB74261C4F3D000316D0 /* JunTaskThreePinMap */ = {
			isa = PBXNativeTarget;
			buildConfigurationList = D8B0AB9F261C4F42000316D0 /* Build configuration list for PBXNativeTarget "JunTaskThreePinMap" */;
			buildPhases = (
				D8B0AB71261C4F3D000316D0 /* Sources */,
				D8B0AB72261C4F3D000316D0 /* Frameworks */,
				D8B0AB73261C4F3D000316D0 /* Resources */,
			);
			buildRules = (
			);
			dependencies = (
			);
			name = JunTaskThreePinMap;
			productName = JunTaskThreePinMap;
			productReference = D8B0AB75261C4F3D000316D0 /* JunTaskThreePinMap.app */;
			productType = "com.apple.product-type.application";
		};
		D8B0AB8A261C4F42000316D0 /* JunTaskThreePinMapTests */ = {
			isa = PBXNativeTarget;
			buildConfigurationList = D8B0ABA2261C4F42000316D0 /* Build configuration list for PBXNativeTarget "JunTaskThreePinMapTests" */;
			buildPhases = (
				D8B0AB87261C4F42000316D0 /* Sources */,
				D8B0AB88261C4F42000316D0 /* Frameworks */,
				D8B0AB89261C4F42000316D0 /* Resources */,
			);
			buildRules = (
			);
			dependencies = (
				D8B0AB8D261C4F42000316D0 /* PBXTargetDependency */,
			);
			name = JunTaskThreePinMapTests;
			productName = JunTaskThreePinMapTests;
			productReference = D8B0AB8B261C4F42000316D0 /* JunTaskThreePinMapTests.xctest */;
			productType = "com.apple.product-type.bundle.unit-test";
		};
		D8B0AB95261C4F42000316D0 /* JunTaskThreePinMapUITests */ = {
			isa = PBXNativeTarget;
			buildConfigurationList = D8B0ABA5261C4F42000316D0 /* Build configuration list for PBXNativeTarget "JunTaskThreePinMapUITests" */;
			buildPhases = (
				D8B0AB92261C4F42000316D0 /* Sources */,
				D8B0AB93261C4F42000316D0 /* Frameworks */,
				D8B0AB94261C4F42000316D0 /* Resources */,
			);
			buildRules = (
			);
			dependencies = (
				D8B0AB98261C4F42000316D0 /* PBXTargetDependency */,
			);
			name = JunTaskThreePinMapUITests;
			productName = JunTaskThreePinMapUITests;
			productReference = D8B0AB96261C4F42000316D0 /* JunTaskThreePinMapUITests.xctest */;
			productType = "com.apple.product-type.bundle.ui-testing";
		};
/* End PBXNativeTarget section */

/* Begin PBXProject section */
		D8B0AB6D261C4F3C000316D0 /* Project object */ = {
			isa = PBXProject;
			attributes = {
				LastSwiftUpdateCheck = 1240;
				LastUpgradeCheck = 1240;
				TargetAttributes = {
					D8B0AB74261C4F3D000316D0 = {
						CreatedOnToolsVersion = 12.4;
					};
					D8B0AB8A261C4F42000316D0 = {
						CreatedOnToolsVersion = 12.4;
						TestTargetID = D8B0AB74261C4F3D000316D0;
					};
					D8B0AB95261C4F42000316D0 = {
						CreatedOnToolsVersion = 12.4;
						TestTargetID = D8B0AB74261C4F3D000316D0;
					};
				};
			};
			buildConfigurationList = D8B0AB70261C4F3C000316D0 /* Build configuration list for PBXProject "JunTaskThreePinMap" */;
			compatibilityVersion = "Xcode 9.3";
			developmentRegion = en;
			hasScannedForEncodings = 0;
			knownRegions = (
				en,
				Base,
			);
			mainGroup = D8B0AB6C261C4F3C000316D0;
			productRefGroup = D8B0AB76261C4F3D000316D0 /* Products */;
			projectDirPath = "";
			projectRoot = "";
			targets = (
				D8B0AB74261C4F3D000316D0 /* JunTaskThreePinMap */,
				D8B0AB8A261C4F42000316D0 /* JunTaskThreePinMapTests */,
				D8B0AB95261C4F42000316D0 /* JunTaskThreePinMapUITests */,
			);
		};
/* End PBXProject section */

/* Begin PBXResourcesBuildPhase section */
		D8B0AB73261C4F3D000316D0 /* Resources */ = {
			isa = PBXResourcesBuildPhase;
			buildActionMask = 2147483647;
			files = (
				D8B0AB85261C4F42000316D0 /* LaunchScreen.storyboard in Resources */,
				D8B0AB82261C4F42000316D0 /* Assets.xcassets in Resources */,
			);
			runOnlyForDeploymentPostprocessing = 0;
		};
		D8B0AB89261C4F42000316D0 /* Resources */ = {
			isa = PBXResourcesBuildPhase;
			buildActionMask = 2147483647;
			files = (
			);
			runOnlyForDeploymentPostprocessing = 0;
		};
		D8B0AB94261C4F42000316D0 /* Resources */ = {
			isa = PBXResourcesBuildPhase;
			buildActionMask = 2147483647;
			files = (
			);
			runOnlyForDeploymentPostprocessing = 0;
		};
/* End PBXResourcesBuildPhase section */

/* Begin PBXSourcesBuildPhase section */
		D8B0AB71261C4F3D000316D0 /* Sources */ = {
			isa = PBXSourcesBuildPhase;
			buildActionMask = 2147483647;
			files = (
				D8B0AB7D261C4F3D000316D0 /* MapVC.swift in Sources */,
				D8B0AB79261C4F3D000316D0 /* AppDelegate.swift in Sources */,
				D8B0ABB5261C8D88000316D0 /* Alert.swift in Sources */,
				D8B0AB7B261C4F3D000316D0 /* SceneDelegate.swift in Sources */,
			);
			runOnlyForDeploymentPostprocessing = 0;
		};
		D8B0AB87261C4F42000316D0 /* Sources */ = {
			isa = PBXSourcesBuildPhase;
			buildActionMask = 2147483647;
			files = (
				D8B0AB90261C4F42000316D0 /* JunTaskThreePinMapTests.swift in Sources */,
			);
			runOnlyForDeploymentPostprocessing = 0;
		};
		D8B0AB92261C4F42000316D0 /* Sources */ = {
			isa = PBXSourcesBuildPhase;
			buildActionMask = 2147483647;
			files = (
				D8B0AB9B261C4F42000316D0 /* JunTaskThreePinMapUITests.swift in Sources */,
			);
			runOnlyForDeploymentPostprocessing = 0;
		};
/* End PBXSourcesBuildPhase section */

/* Begin PBXTargetDependency section */
		D8B0AB8D261C4F42000316D0 /* PBXTargetDependency */ = {
			isa = PBXTargetDependency;
			target = D8B0AB74261C4F3D000316D0 /* JunTaskThreePinMap */;
			targetProxy = D8B0AB8C261C4F42000316D0 /* PBXContainerItemProxy */;
		};
		D8B0AB98261C4F42000316D0 /* PBXTargetDependency */ = {
			isa = PBXTargetDependency;
			target = D8B0AB74261C4F3D000316D0 /* JunTaskThreePinMap */;
			targetProxy = D8B0AB97261C4F42000316D0 /* PBXContainerItemProxy */;
		};
/* End PBXTargetDependency section */

/* Begin PBXVariantGroup section */
		D8B0AB83261C4F42000316D0 /* LaunchScreen.storyboard */ = {
			isa = PBXVariantGroup;
			children = (
				D8B0AB84261C4F42000316D0 /* Base */,
			);
			name = LaunchScreen.storyboard;
			sourceTree = "<group>";
		};
/* End PBXVariantGroup section */

/* Begin XCBuildConfiguration section */
		D8B0AB9D261C4F42000316D0 /* Debug */ = {
			isa = XCBuildConfiguration;
			buildSettings = {
				ALWAYS_SEARCH_USER_PATHS = NO;
				CLANG_ANALYZER_NONNULL = YES;
				CLANG_ANALYZER_NUMBER_OBJECT_CONVERSION = YES_AGGRESSIVE;
				CLANG_CXX_LANGUAGE_STANDARD = "gnu++14";
				CLANG_CXX_LIBRARY = "libc++";
				CLANG_ENABLE_MODULES = YES;
				CLANG_ENABLE_OBJC_ARC = YES;
				CLANG_ENABLE_OBJC_WEAK = YES;
				CLANG_WARN_BLOCK_CAPTURE_AUTORELEASING = YES;
				CLANG_WARN_BOOL_CONVERSION = YES;
				CLANG_WARN_COMMA = YES;
				CLANG_WARN_CONSTANT_CONVERSION = YES;
				CLANG_WARN_DEPRECATED_OBJC_IMPLEMENTATIONS = YES;
				CLANG_WARN_DIRECT_OBJC_ISA_USAGE = YES_ERROR;
				CLANG_WARN_DOCUMENTATION_COMMENTS = YES;
				CLANG_WARN_EMPTY_BODY = YES;
				CLANG_WARN_ENUM_CONVERSION = YES;
				CLANG_WARN_INFINITE_RECURSION = YES;
				CLANG_WARN_INT_CONVERSION = YES;
				CLANG_WARN_NON_LITERAL_NULL_CONVERSION = YES;
				CLANG_WARN_OBJC_IMPLICIT_RETAIN_SELF = YES;
				CLANG_WARN_OBJC_LITERAL_CONVERSION = YES;
				CLANG_WARN_OBJC_ROOT_CLASS = YES_ERROR;
				CLANG_WARN_QUOTED_INCLUDE_IN_FRAMEWORK_HEADER = YES;
				CLANG_WARN_RANGE_LOOP_ANALYSIS = YES;
				CLANG_WARN_STRICT_PROTOTYPES = YES;
				CLANG_WARN_SUSPICIOUS_MOVE = YES;
				CLANG_WARN_UNGUARDED_AVAILABILITY = YES_AGGRESSIVE;
				CLANG_WARN_UNREACHABLE_CODE = YES;
				CLANG_WARN__DUPLICATE_METHOD_MATCH = YES;
				COPY_PHASE_STRIP = NO;
				DEBUG_INFORMATION_FORMAT = dwarf;
				ENABLE_STRICT_OBJC_MSGSEND = YES;
				ENABLE_TESTABILITY = YES;
				GCC_C_LANGUAGE_STANDARD = gnu11;
				GCC_DYNAMIC_NO_PIC = NO;
				GCC_NO_COMMON_BLOCKS = YES;
				GCC_OPTIMIZATION_LEVEL = 0;
				GCC_PREPROCESSOR_DEFINITIONS = (
					"DEBUG=1",
					"$(inherited)",
				);
				GCC_WARN_64_TO_32_BIT_CONVERSION = YES;
				GCC_WARN_ABOUT_RETURN_TYPE = YES_ERROR;
				GCC_WARN_UNDECLARED_SELECTOR = YES;
				GCC_WARN_UNINITIALIZED_AUTOS = YES_AGGRESSIVE;
				GCC_WARN_UNUSED_FUNCTION = YES;
				GCC_WARN_UNUSED_VARIABLE = YES;
				IPHONEOS_DEPLOYMENT_TARGET = 14.4;
				MTL_ENABLE_DEBUG_INFO = INCLUDE_SOURCE;
				MTL_FAST_MATH = YES;
				ONLY_ACTIVE_ARCH = YES;
				SDKROOT = iphoneos;
				SWIFT_ACTIVE_COMPILATION_CONDITIONS = DEBUG;
				SWIFT_OPTIMIZATION_LEVEL = "-Onone";
			};
			name = Debug;
		};
		D8B0AB9E261C4F42000316D0 /* Release */ = {
			isa = XCBuildConfiguration;
			buildSettings = {
				ALWAYS_SEARCH_USER_PATHS = NO;
				CLANG_ANALYZER_NONNULL = YES;
				CLANG_ANALYZER_NUMBER_OBJECT_CONVERSION = YES_AGGRESSIVE;
				CLANG_CXX_LANGUAGE_STANDARD = "gnu++14";
				CLANG_CXX_LIBRARY = "libc++";
				CLANG_ENABLE_MODULES = YES;
				CLANG_ENABLE_OBJC_ARC = YES;
				CLANG_ENABLE_OBJC_WEAK = YES;
				CLANG_WARN_BLOCK_CAPTURE_AUTORELEASING = YES;
				CLANG_WARN_BOOL_CONVERSION = YES;
				CLANG_WARN_COMMA = YES;
				CLANG_WARN_CONSTANT_CONVERSION = YES;
				CLANG_WARN_DEPRECATED_OBJC_IMPLEMENTATIONS = YES;
				CLANG_WARN_DIRECT_OBJC_ISA_USAGE = YES_ERROR;
				CLANG_WARN_DOCUMENTATION_COMMENTS = YES;
				CLANG_WARN_EMPTY_BODY = YES;
				CLANG_WARN_ENUM_CONVERSION = YES;
				CLANG_WARN_INFINITE_RECURSION = YES;
				CLANG_WARN_INT_CONVERSION = YES;
				CLANG_WARN_NON_LITERAL_NULL_CONVERSION = YES;
				CLANG_WARN_OBJC_IMPLICIT_RETAIN_SELF = YES;
				CLANG_WARN_OBJC_LITERAL_CONVERSION = YES;
				CLANG_WARN_OBJC_ROOT_CLASS = YES_ERROR;
				CLANG_WARN_QUOTED_INCLUDE_IN_FRAMEWORK_HEADER = YES;
				CLANG_WARN_RANGE_LOOP_ANALYSIS = YES;
				CLANG_WARN_STRICT_PROTOTYPES = YES;
				CLANG_WARN_SUSPICIOUS_MOVE = YES;
				CLANG_WARN_UNGUARDED_AVAILABILITY = YES_AGGRESSIVE;
				CLANG_WARN_UNREACHABLE_CODE = YES;
				CLANG_WARN__DUPLICATE_METHOD_MATCH = YES;
				COPY_PHASE_STRIP = NO;
				DEBUG_INFORMATION_FORMAT = "dwarf-with-dsym";
				ENABLE_NS_ASSERTIONS = NO;
				ENABLE_STRICT_OBJC_MSGSEND = YES;
				GCC_C_LANGUAGE_STANDARD = gnu11;
				GCC_NO_COMMON_BLOCKS = YES;
				GCC_WARN_64_TO_32_BIT_CONVERSION = YES;
				GCC_WARN_ABOUT_RETURN_TYPE = YES_ERROR;
				GCC_WARN_UNDECLARED_SELECTOR = YES;
				GCC_WARN_UNINITIALIZED_AUTOS = YES_AGGRESSIVE;
				GCC_WARN_UNUSED_FUNCTION = YES;
				GCC_WARN_UNUSED_VARIABLE = YES;
				IPHONEOS_DEPLOYMENT_TARGET = 14.4;
				MTL_ENABLE_DEBUG_INFO = NO;
				MTL_FAST_MATH = YES;
				SDKROOT = iphoneos;
				SWIFT_COMPILATION_MODE = wholemodule;
				SWIFT_OPTIMIZATION_LEVEL = "-O";
				VALIDATE_PRODUCT = YES;
			};
			name = Release;
		};
		D8B0ABA0261C4F42000316D0 /* Debug */ = {
			isa = XCBuildConfiguration;
			buildSettings = {
				ASSETCATALOG_COMPILER_APPICON_NAME = AppIcon;
				ASSETCATALOG_COMPILER_GLOBAL_ACCENT_COLOR_NAME = AccentColor;
				CODE_SIGN_STYLE = Automatic;
				DEVELOPMENT_TEAM = 9J35TQ48R5;
				INFOPLIST_FILE = JunTaskThreePinMap/Info.plist;
				LD_RUNPATH_SEARCH_PATHS = (
					"$(inherited)",
					"@executable_path/Frameworks",
				);
				PRODUCT_BUNDLE_IDENTIFIER = byNewbie.JunTaskThreePinMap;
				PRODUCT_NAME = "$(TARGET_NAME)";
				SWIFT_VERSION = 5.0;
				TARGETED_DEVICE_FAMILY = "1,2";
			};
			name = Debug;
		};
		D8B0ABA1261C4F42000316D0 /* Release */ = {
			isa = XCBuildConfiguration;
			buildSettings = {
				ASSETCATALOG_COMPILER_APPICON_NAME = AppIcon;
				ASSETCATALOG_COMPILER_GLOBAL_ACCENT_COLOR_NAME = AccentColor;
				CODE_SIGN_STYLE = Automatic;
				DEVELOPMENT_TEAM = 9J35TQ48R5;
				INFOPLIST_FILE = JunTaskThreePinMap/Info.plist;
				LD_RUNPATH_SEARCH_PATHS = (
					"$(inherited)",
					"@executable_path/Frameworks",
				);
				PRODUCT_BUNDLE_IDENTIFIER = byNewbie.JunTaskThreePinMap;
				PRODUCT_NAME = "$(TARGET_NAME)";
				SWIFT_VERSION = 5.0;
				TARGETED_DEVICE_FAMILY = "1,2";
			};
			name = Release;
		};
		D8B0ABA3261C4F42000316D0 /* Debug */ = {
			isa = XCBuildConfiguration;
			buildSettings = {
				ALWAYS_EMBED_SWIFT_STANDARD_LIBRARIES = YES;
				BUNDLE_LOADER = "$(TEST_HOST)";
				CODE_SIGN_STYLE = Automatic;
				DEVELOPMENT_TEAM = 9J35TQ48R5;
				INFOPLIST_FILE = JunTaskThreePinMapTests/Info.plist;
				IPHONEOS_DEPLOYMENT_TARGET = 14.4;
				LD_RUNPATH_SEARCH_PATHS = (
					"$(inherited)",
					"@executable_path/Frameworks",
					"@loader_path/Frameworks",
				);
				PRODUCT_BUNDLE_IDENTIFIER = byNewbie.JunTaskThreePinMapTests;
				PRODUCT_NAME = "$(TARGET_NAME)";
				SWIFT_VERSION = 5.0;
				TARGETED_DEVICE_FAMILY = "1,2";
				TEST_HOST = "$(BUILT_PRODUCTS_DIR)/JunTaskThreePinMap.app/JunTaskThreePinMap";
			};
			name = Debug;
		};
		D8B0ABA4261C4F42000316D0 /* Release */ = {
			isa = XCBuildConfiguration;
			buildSettings = {
				ALWAYS_EMBED_SWIFT_STANDARD_LIBRARIES = YES;
				BUNDLE_LOADER = "$(TEST_HOST)";
				CODE_SIGN_STYLE = Automatic;
				DEVELOPMENT_TEAM = 9J35TQ48R5;
				INFOPLIST_FILE = JunTaskThreePinMapTests/Info.plist;
				IPHONEOS_DEPLOYMENT_TARGET = 14.4;
				LD_RUNPATH_SEARCH_PATHS = (
					"$(inherited)",
					"@executable_path/Frameworks",
					"@loader_path/Frameworks",
				);
				PRODUCT_BUNDLE_IDENTIFIER = byNewbie.JunTaskThreePinMapTests;
				PRODUCT_NAME = "$(TARGET_NAME)";
				SWIFT_VERSION = 5.0;
				TARGETED_DEVICE_FAMILY = "1,2";
				TEST_HOST = "$(BUILT_PRODUCTS_DIR)/JunTaskThreePinMap.app/JunTaskThreePinMap";
			};
			name = Release;
		};
		D8B0ABA6261C4F42000316D0 /* Debug */ = {
			isa = XCBuildConfiguration;
			buildSettings = {
				ALWAYS_EMBED_SWIFT_STANDARD_LIBRARIES = YES;
				CODE_SIGN_STYLE = Automatic;
				DEVELOPMENT_TEAM = 9J35TQ48R5;
				INFOPLIST_FILE = JunTaskThreePinMapUITests/Info.plist;
				LD_RUNPATH_SEARCH_PATHS = (
					"$(inherited)",
					"@executable_path/Frameworks",
					"@loader_path/Frameworks",
				);
				PRODUCT_BUNDLE_IDENTIFIER = byNewbie.JunTaskThreePinMapUITests;
				PRODUCT_NAME = "$(TARGET_NAME)";
				SWIFT_VERSION = 5.0;
				TARGETED_DEVICE_FAMILY = "1,2";
				TEST_TARGET_NAME = JunTaskThreePinMap;
			};
			name = Debug;
		};
		D8B0ABA7261C4F42000316D0 /* Release */ = {
			isa = XCBuildConfiguration;
			buildSettings = {
				ALWAYS_EMBED_SWIFT_STANDARD_LIBRARIES = YES;
				CODE_SIGN_STYLE = Automatic;
				DEVELOPMENT_TEAM = 9J35TQ48R5;
				INFOPLIST_FILE = JunTaskThreePinMapUITests/Info.plist;
				LD_RUNPATH_SEARCH_PATHS = (
					"$(inherited)",
					"@executable_path/Frameworks",
					"@loader_path/Frameworks",
				);
				PRODUCT_BUNDLE_IDENTIFIER = byNewbie.JunTaskThreePinMapUITests;
				PRODUCT_NAME = "$(TARGET_NAME)";
				SWIFT_VERSION = 5.0;
				TARGETED_DEVICE_FAMILY = "1,2";
				TEST_TARGET_NAME = JunTaskThreePinMap;
			};
			name = Release;
		};
/* End XCBuildConfiguration section */

/* Begin XCConfigurationList section */
		D8B0AB70261C4F3C000316D0 /* Build configuration list for PBXProject "JunTaskThreePinMap" */ = {
			isa = XCConfigurationList;
			buildConfigurations = (
				D8B0AB9D261C4F42000316D0 /* Debug */,
				D8B0AB9E261C4F42000316D0 /* Release */,
			);
			defaultConfigurationIsVisible = 0;
			defaultConfigurationName = Release;
		};
		D8B0AB9F261C4F42000316D0 /* Build configuration list for PBXNativeTarget "JunTaskThreePinMap" */ = {
			isa = XCConfigurationList;
			buildConfigurations = (
				D8B0ABA0261C4F42000316D0 /* Debug */,
				D8B0ABA1261C4F42000316D0 /* Release */,
			);
			defaultConfigurationIsVisible = 0;
			defaultConfigurationName = Release;
		};
		D8B0ABA2261C4F42000316D0 /* Build configuration list for PBXNativeTarget "JunTaskThreePinMapTests" */ = {
			isa = XCConfigurationList;
			buildConfigurations = (
				D8B0ABA3261C4F42000316D0 /* Debug */,
				D8B0ABA4261C4F42000316D0 /* Release */,
			);
			defaultConfigurationIsVisible = 0;
			defaultConfigurationName = Release;
		};
		D8B0ABA5261C4F42000316D0 /* Build configuration list for PBXNativeTarget "JunTaskThreePinMapUITests" */ = {
			isa = XCConfigurationList;
			buildConfigurations = (
				D8B0ABA6261C4F42000316D0 /* Debug */,
				D8B0ABA7261C4F42000316D0 /* Release */,
			);
			defaultConfigurationIsVisible = 0;
			defaultConfigurationName = Release;
		};
/* End XCConfigurationList section */
	};
	rootObject = D8B0AB6D261C4F3C000316D0 /* Project object */;
}
